// !$*UTF8*$!
{
	archiveVersion = 1;
	classes = {
	};
	objectVersion = 51;
	objects = {

/* Begin PBXBuildFile section */
		45B9CFC0CF01C247AAB1F685 /* Pods_Messenger_Chat_App.framework in Frameworks */ = {isa = PBXBuildFile; fileRef = D7689D88F2998A4E1DF84DB0 /* Pods_Messenger_Chat_App.framework */; };
		CE1C39CB25544EFE00E1040C /* AppDelegate.swift in Sources */ = {isa = PBXBuildFile; fileRef = CE1C39CA25544EFE00E1040C /* AppDelegate.swift */; };
		CE1C39CD25544EFE00E1040C /* SceneDelegate.swift in Sources */ = {isa = PBXBuildFile; fileRef = CE1C39CC25544EFE00E1040C /* SceneDelegate.swift */; };
		CE1C39CF25544EFE00E1040C /* ConversationsViewController.swift in Sources */ = {isa = PBXBuildFile; fileRef = CE1C39CE25544EFE00E1040C /* ConversationsViewController.swift */; };
		CE1C39D225544EFE00E1040C /* Main.storyboard in Resources */ = {isa = PBXBuildFile; fileRef = CE1C39D025544EFE00E1040C /* Main.storyboard */; };
		CE1C39D425544EFF00E1040C /* Assets.xcassets in Resources */ = {isa = PBXBuildFile; fileRef = CE1C39D325544EFF00E1040C /* Assets.xcassets */; };
		CE1C39D725544EFF00E1040C /* LaunchScreen.storyboard in Resources */ = {isa = PBXBuildFile; fileRef = CE1C39D525544EFF00E1040C /* LaunchScreen.storyboard */; };
		CE1C39E225544EFF00E1040C /* Messenger_Chat_AppTests.swift in Sources */ = {isa = PBXBuildFile; fileRef = CE1C39E125544EFF00E1040C /* Messenger_Chat_AppTests.swift */; };
		CE1C39ED25544EFF00E1040C /* Messenger_Chat_AppUITests.swift in Sources */ = {isa = PBXBuildFile; fileRef = CE1C39EC25544EFF00E1040C /* Messenger_Chat_AppUITests.swift */; };
		CE1C3A022554552200E1040C /* LoginViewController.swift in Sources */ = {isa = PBXBuildFile; fileRef = CE1C3A012554552200E1040C /* LoginViewController.swift */; };
		CE1C3A042554553200E1040C /* RegisterViewController.swift in Sources */ = {isa = PBXBuildFile; fileRef = CE1C3A032554553200E1040C /* RegisterViewController.swift */; };
		CE1C3A062554555500E1040C /* PhotoViewerViewController.swift in Sources */ = {isa = PBXBuildFile; fileRef = CE1C3A052554555500E1040C /* PhotoViewerViewController.swift */; };
		CE1C3A082554556800E1040C /* VideoPlayerViewController.swift in Sources */ = {isa = PBXBuildFile; fileRef = CE1C3A072554556800E1040C /* VideoPlayerViewController.swift */; };
		CE1C3A0A2554558500E1040C /* NewConversationViewController.swift in Sources */ = {isa = PBXBuildFile; fileRef = CE1C3A092554558500E1040C /* NewConversationViewController.swift */; };
		CE1C3A0C2554559000E1040C /* ProfileViewController.swift in Sources */ = {isa = PBXBuildFile; fileRef = CE1C3A0B2554559000E1040C /* ProfileViewController.swift */; };
		CE1C3A0F25545C5F00E1040C /* Extensions.swift in Sources */ = {isa = PBXBuildFile; fileRef = CE1C3A0E25545C5F00E1040C /* Extensions.swift */; };
		CEDF74C02555AE3E00AEA4D4 /* GoogleService-Info.plist in Resources */ = {isa = PBXBuildFile; fileRef = CEDF74BF2555AE3E00AEA4D4 /* GoogleService-Info.plist */; };
/* End PBXBuildFile section */

/* Begin PBXContainerItemProxy section */
		CE1C39DE25544EFF00E1040C /* PBXContainerItemProxy */ = {
			isa = PBXContainerItemProxy;
			containerPortal = CE1C39BF25544EFE00E1040C /* Project object */;
			proxyType = 1;
			remoteGlobalIDString = CE1C39C625544EFE00E1040C;
			remoteInfo = Messenger_Chat_App;
		};
		CE1C39E925544EFF00E1040C /* PBXContainerItemProxy */ = {
			isa = PBXContainerItemProxy;
			containerPortal = CE1C39BF25544EFE00E1040C /* Project object */;
			proxyType = 1;
			remoteGlobalIDString = CE1C39C625544EFE00E1040C;
			remoteInfo = Messenger_Chat_App;
		};
/* End PBXContainerItemProxy section */

/* Begin PBXFileReference section */
		77B1F0353578DFFF56D6978A /* Pods-Messenger_Chat_App.release.xcconfig */ = {isa = PBXFileReference; includeInIndex = 1; lastKnownFileType = text.xcconfig; name = "Pods-Messenger_Chat_App.release.xcconfig"; path = "Target Support Files/Pods-Messenger_Chat_App/Pods-Messenger_Chat_App.release.xcconfig"; sourceTree = "<group>"; };
		8D6CD4768B5ED4D02FD78662 /* Pods-Messenger_Chat_App.debug.xcconfig */ = {isa = PBXFileReference; includeInIndex = 1; lastKnownFileType = text.xcconfig; name = "Pods-Messenger_Chat_App.debug.xcconfig"; path = "Target Support Files/Pods-Messenger_Chat_App/Pods-Messenger_Chat_App.debug.xcconfig"; sourceTree = "<group>"; };
		CE1C39C725544EFE00E1040C /* Messenger_Chat_App.app */ = {isa = PBXFileReference; explicitFileType = wrapper.application; includeInIndex = 0; path = Messenger_Chat_App.app; sourceTree = BUILT_PRODUCTS_DIR; };
		CE1C39CA25544EFE00E1040C /* AppDelegate.swift */ = {isa = PBXFileReference; lastKnownFileType = sourcecode.swift; path = AppDelegate.swift; sourceTree = "<group>"; };
		CE1C39CC25544EFE00E1040C /* SceneDelegate.swift */ = {isa = PBXFileReference; lastKnownFileType = sourcecode.swift; path = SceneDelegate.swift; sourceTree = "<group>"; };
		CE1C39CE25544EFE00E1040C /* ConversationsViewController.swift */ = {isa = PBXFileReference; lastKnownFileType = sourcecode.swift; path = ConversationsViewController.swift; sourceTree = "<group>"; };
		CE1C39D125544EFE00E1040C /* Base */ = {isa = PBXFileReference; lastKnownFileType = file.storyboard; name = Base; path = Base.lproj/Main.storyboard; sourceTree = "<group>"; };
		CE1C39D325544EFF00E1040C /* Assets.xcassets */ = {isa = PBXFileReference; lastKnownFileType = folder.assetcatalog; path = Assets.xcassets; sourceTree = "<group>"; };
		CE1C39D625544EFF00E1040C /* Base */ = {isa = PBXFileReference; lastKnownFileType = file.storyboard; name = Base; path = Base.lproj/LaunchScreen.storyboard; sourceTree = "<group>"; };
		CE1C39D825544EFF00E1040C /* Info.plist */ = {isa = PBXFileReference; lastKnownFileType = text.plist.xml; path = Info.plist; sourceTree = "<group>"; };
		CE1C39DD25544EFF00E1040C /* Messenger_Chat_AppTests.xctest */ = {isa = PBXFileReference; explicitFileType = wrapper.cfbundle; includeInIndex = 0; path = Messenger_Chat_AppTests.xctest; sourceTree = BUILT_PRODUCTS_DIR; };
		CE1C39E125544EFF00E1040C /* Messenger_Chat_AppTests.swift */ = {isa = PBXFileReference; lastKnownFileType = sourcecode.swift; path = Messenger_Chat_AppTests.swift; sourceTree = "<group>"; };
		CE1C39E325544EFF00E1040C /* Info.plist */ = {isa = PBXFileReference; lastKnownFileType = text.plist.xml; path = Info.plist; sourceTree = "<group>"; };
		CE1C39E825544EFF00E1040C /* Messenger_Chat_AppUITests.xctest */ = {isa = PBXFileReference; explicitFileType = wrapper.cfbundle; includeInIndex = 0; path = Messenger_Chat_AppUITests.xctest; sourceTree = BUILT_PRODUCTS_DIR; };
		CE1C39EC25544EFF00E1040C /* Messenger_Chat_AppUITests.swift */ = {isa = PBXFileReference; lastKnownFileType = sourcecode.swift; path = Messenger_Chat_AppUITests.swift; sourceTree = "<group>"; };
		CE1C39EE25544EFF00E1040C /* Info.plist */ = {isa = PBXFileReference; lastKnownFileType = text.plist.xml; path = Info.plist; sourceTree = "<group>"; };
		CE1C3A012554552200E1040C /* LoginViewController.swift */ = {isa = PBXFileReference; lastKnownFileType = sourcecode.swift; path = LoginViewController.swift; sourceTree = "<group>"; };
		CE1C3A032554553200E1040C /* RegisterViewController.swift */ = {isa = PBXFileReference; lastKnownFileType = sourcecode.swift; path = RegisterViewController.swift; sourceTree = "<group>"; };
		CE1C3A052554555500E1040C /* PhotoViewerViewController.swift */ = {isa = PBXFileReference; lastKnownFileType = sourcecode.swift; path = PhotoViewerViewController.swift; sourceTree = "<group>"; };
		CE1C3A072554556800E1040C /* VideoPlayerViewController.swift */ = {isa = PBXFileReference; lastKnownFileType = sourcecode.swift; path = VideoPlayerViewController.swift; sourceTree = "<group>"; };
		CE1C3A092554558500E1040C /* NewConversationViewController.swift */ = {isa = PBXFileReference; lastKnownFileType = sourcecode.swift; path = NewConversationViewController.swift; sourceTree = "<group>"; };
		CE1C3A0B2554559000E1040C /* ProfileViewController.swift */ = {isa = PBXFileReference; lastKnownFileType = sourcecode.swift; path = ProfileViewController.swift; sourceTree = "<group>"; };
		CE1C3A0E25545C5F00E1040C /* Extensions.swift */ = {isa = PBXFileReference; lastKnownFileType = sourcecode.swift; path = Extensions.swift; sourceTree = "<group>"; };
		CEDF74BF2555AE3E00AEA4D4 /* GoogleService-Info.plist */ = {isa = PBXFileReference; fileEncoding = 4; lastKnownFileType = text.plist.xml; name = "GoogleService-Info.plist"; path = "../../../Downloads/GoogleService-Info.plist"; sourceTree = "<group>"; };
		D7689D88F2998A4E1DF84DB0 /* Pods_Messenger_Chat_App.framework */ = {isa = PBXFileReference; explicitFileType = wrapper.framework; includeInIndex = 0; path = Pods_Messenger_Chat_App.framework; sourceTree = BUILT_PRODUCTS_DIR; };
/* End PBXFileReference section */

/* Begin PBXFrameworksBuildPhase section */
		CE1C39C425544EFE00E1040C /* Frameworks */ = {
			isa = PBXFrameworksBuildPhase;
			buildActionMask = 2147483647;
			files = (
				45B9CFC0CF01C247AAB1F685 /* Pods_Messenger_Chat_App.framework in Frameworks */,
			);
			runOnlyForDeploymentPostprocessing = 0;
		};
		CE1C39DA25544EFF00E1040C /* Frameworks */ = {
			isa = PBXFrameworksBuildPhase;
			buildActionMask = 2147483647;
			files = (
			);
			runOnlyForDeploymentPostprocessing = 0;
		};
		CE1C39E525544EFF00E1040C /* Frameworks */ = {
			isa = PBXFrameworksBuildPhase;
			buildActionMask = 2147483647;
			files = (
			);
			runOnlyForDeploymentPostprocessing = 0;
		};
/* End PBXFrameworksBuildPhase section */

/* Begin PBXGroup section */
		4D0A7E49F28E2D85AEE53A6A /* Pods */ = {
			isa = PBXGroup;
			children = (
				8D6CD4768B5ED4D02FD78662 /* Pods-Messenger_Chat_App.debug.xcconfig */,
				77B1F0353578DFFF56D6978A /* Pods-Messenger_Chat_App.release.xcconfig */,
			);
			path = Pods;
			sourceTree = "<group>";
		};
		CE1C39BE25544EFE00E1040C = {
			isa = PBXGroup;
			children = (
				CE1C39C925544EFE00E1040C /* Messenger_Chat_App */,
				CE1C39E025544EFF00E1040C /* Messenger_Chat_AppTests */,
				CE1C39EB25544EFF00E1040C /* Messenger_Chat_AppUITests */,
				CE1C39C825544EFE00E1040C /* Products */,
				4D0A7E49F28E2D85AEE53A6A /* Pods */,
				EED305F6CA734B1106916E24 /* Frameworks */,
			);
			sourceTree = "<group>";
		};
		CE1C39C825544EFE00E1040C /* Products */ = {
			isa = PBXGroup;
			children = (
				CE1C39C725544EFE00E1040C /* Messenger_Chat_App.app */,
				CE1C39DD25544EFF00E1040C /* Messenger_Chat_AppTests.xctest */,
				CE1C39E825544EFF00E1040C /* Messenger_Chat_AppUITests.xctest */,
			);
			name = Products;
			sourceTree = "<group>";
		};
		CE1C39C925544EFE00E1040C /* Messenger_Chat_App */ = {
			isa = PBXGroup;
			children = (
				CEDF74BF2555AE3E00AEA4D4 /* GoogleService-Info.plist */,
				CE1C39FF25544F8300E1040C /* Resources */,
				CE1C39FE25544F7A00E1040C /* ViewModels */,
				CE1C39FD25544F7400E1040C /* Models */,
				CE1C39FC25544F6700E1040C /* Views */,
				CE1C39FB25544F5C00E1040C /* Controllers */,
				CE1C39D825544EFF00E1040C /* Info.plist */,
			);
			path = Messenger_Chat_App;
			sourceTree = "<group>";
		};
		CE1C39E025544EFF00E1040C /* Messenger_Chat_AppTests */ = {
			isa = PBXGroup;
			children = (
				CE1C39E125544EFF00E1040C /* Messenger_Chat_AppTests.swift */,
				CE1C39E325544EFF00E1040C /* Info.plist */,
			);
			path = Messenger_Chat_AppTests;
			sourceTree = "<group>";
		};
		CE1C39EB25544EFF00E1040C /* Messenger_Chat_AppUITests */ = {
			isa = PBXGroup;
			children = (
				CE1C39EC25544EFF00E1040C /* Messenger_Chat_AppUITests.swift */,
				CE1C39EE25544EFF00E1040C /* Info.plist */,
			);
			path = Messenger_Chat_AppUITests;
			sourceTree = "<group>";
		};
		CE1C39FB25544F5C00E1040C /* Controllers */ = {
			isa = PBXGroup;
			children = (
				CE1C39CE25544EFE00E1040C /* ConversationsViewController.swift */,
				CE1C3A0D2554564F00E1040C /* Login */,
				CE1C3A052554555500E1040C /* PhotoViewerViewController.swift */,
				CE1C3A072554556800E1040C /* VideoPlayerViewController.swift */,
				CE1C3A092554558500E1040C /* NewConversationViewController.swift */,
				CE1C3A0B2554559000E1040C /* ProfileViewController.swift */,
			);
			path = Controllers;
			sourceTree = "<group>";
		};
		CE1C39FC25544F6700E1040C /* Views */ = {
			isa = PBXGroup;
			children = (
				CE1C3A0025544FC500E1040C /* Storyboards */,
				CE1C39D325544EFF00E1040C /* Assets.xcassets */,
			);
			path = Views;
			sourceTree = "<group>";
		};
		CE1C39FD25544F7400E1040C /* Models */ = {
			isa = PBXGroup;
			children = (
			);
			path = Models;
			sourceTree = "<group>";
		};
		CE1C39FE25544F7A00E1040C /* ViewModels */ = {
			isa = PBXGroup;
			children = (
			);
			path = ViewModels;
			sourceTree = "<group>";
		};
		CE1C39FF25544F8300E1040C /* Resources */ = {
			isa = PBXGroup;
			children = (
				CE1C39CC25544EFE00E1040C /* SceneDelegate.swift */,
				CE1C39CA25544EFE00E1040C /* AppDelegate.swift */,
				CE1C3A0E25545C5F00E1040C /* Extensions.swift */,
			);
			path = Resources;
			sourceTree = "<group>";
		};
		CE1C3A0025544FC500E1040C /* Storyboards */ = {
			isa = PBXGroup;
			children = (
				CE1C39D025544EFE00E1040C /* Main.storyboard */,
				CE1C39D525544EFF00E1040C /* LaunchScreen.storyboard */,
			);
			path = Storyboards;
			sourceTree = "<group>";
		};
		CE1C3A0D2554564F00E1040C /* Login */ = {
			isa = PBXGroup;
			children = (
				CE1C3A012554552200E1040C /* LoginViewController.swift */,
				CE1C3A032554553200E1040C /* RegisterViewController.swift */,
			);
			path = Login;
			sourceTree = "<group>";
		};
		EED305F6CA734B1106916E24 /* Frameworks */ = {
			isa = PBXGroup;
			children = (
				D7689D88F2998A4E1DF84DB0 /* Pods_Messenger_Chat_App.framework */,
			);
			name = Frameworks;
			sourceTree = "<group>";
		};
/* End PBXGroup section */

/* Begin PBXNativeTarget section */
		CE1C39C625544EFE00E1040C /* Messenger_Chat_App */ = {
			isa = PBXNativeTarget;
			buildConfigurationList = CE1C39F125544EFF00E1040C /* Build configuration list for PBXNativeTarget "Messenger_Chat_App" */;
			buildPhases = (
				C11B32DFE987D6F7A80CFC2D /* [CP] Check Pods Manifest.lock */,
				CE1C39C325544EFE00E1040C /* Sources */,
				CE1C39C425544EFE00E1040C /* Frameworks */,
				CE1C39C525544EFE00E1040C /* Resources */,
				546DC198DC70DE49B1883939 /* [CP] Embed Pods Frameworks */,
			);
			buildRules = (
			);
			dependencies = (
			);
			name = Messenger_Chat_App;
			productName = Messenger_Chat_App;
			productReference = CE1C39C725544EFE00E1040C /* Messenger_Chat_App.app */;
			productType = "com.apple.product-type.application";
		};
		CE1C39DC25544EFF00E1040C /* Messenger_Chat_AppTests */ = {
			isa = PBXNativeTarget;
			buildConfigurationList = CE1C39F425544EFF00E1040C /* Build configuration list for PBXNativeTarget "Messenger_Chat_AppTests" */;
			buildPhases = (
				CE1C39D925544EFF00E1040C /* Sources */,
				CE1C39DA25544EFF00E1040C /* Frameworks */,
				CE1C39DB25544EFF00E1040C /* Resources */,
			);
			buildRules = (
			);
			dependencies = (
				CE1C39DF25544EFF00E1040C /* PBXTargetDependency */,
			);
			name = Messenger_Chat_AppTests;
			productName = Messenger_Chat_AppTests;
			productReference = CE1C39DD25544EFF00E1040C /* Messenger_Chat_AppTests.xctest */;
			productType = "com.apple.product-type.bundle.unit-test";
		};
		CE1C39E725544EFF00E1040C /* Messenger_Chat_AppUITests */ = {
			isa = PBXNativeTarget;
			buildConfigurationList = CE1C39F725544EFF00E1040C /* Build configuration list for PBXNativeTarget "Messenger_Chat_AppUITests" */;
			buildPhases = (
				CE1C39E425544EFF00E1040C /* Sources */,
				CE1C39E525544EFF00E1040C /* Frameworks */,
				CE1C39E625544EFF00E1040C /* Resources */,
			);
			buildRules = (
			);
			dependencies = (
				CE1C39EA25544EFF00E1040C /* PBXTargetDependency */,
			);
			name = Messenger_Chat_AppUITests;
			productName = Messenger_Chat_AppUITests;
			productReference = CE1C39E825544EFF00E1040C /* Messenger_Chat_AppUITests.xctest */;
			productType = "com.apple.product-type.bundle.ui-testing";
		};
/* End PBXNativeTarget section */

/* Begin PBXProject section */
		CE1C39BF25544EFE00E1040C /* Project object */ = {
			isa = PBXProject;
			attributes = {
				LastSwiftUpdateCheck = 1130;
				LastUpgradeCheck = 1130;
				ORGANIZATIONNAME = "Blaine Beltran";
				TargetAttributes = {
					CE1C39C625544EFE00E1040C = {
						CreatedOnToolsVersion = 11.3;
					};
					CE1C39DC25544EFF00E1040C = {
						CreatedOnToolsVersion = 11.3;
						TestTargetID = CE1C39C625544EFE00E1040C;
					};
					CE1C39E725544EFF00E1040C = {
						CreatedOnToolsVersion = 11.3;
						TestTargetID = CE1C39C625544EFE00E1040C;
					};
				};
			};
			buildConfigurationList = CE1C39C225544EFE00E1040C /* Build configuration list for PBXProject "Messenger_Chat_App" */;
			compatibilityVersion = "Xcode 9.3";
			developmentRegion = en;
			hasScannedForEncodings = 0;
			knownRegions = (
				en,
				Base,
			);
			mainGroup = CE1C39BE25544EFE00E1040C;
			productRefGroup = CE1C39C825544EFE00E1040C /* Products */;
			projectDirPath = "";
			projectRoot = "";
			targets = (
				CE1C39C625544EFE00E1040C /* Messenger_Chat_App */,
				CE1C39DC25544EFF00E1040C /* Messenger_Chat_AppTests */,
				CE1C39E725544EFF00E1040C /* Messenger_Chat_AppUITests */,
			);
		};
/* End PBXProject section */

/* Begin PBXResourcesBuildPhase section */
		CE1C39C525544EFE00E1040C /* Resources */ = {
			isa = PBXResourcesBuildPhase;
			buildActionMask = 2147483647;
			files = (
				CE1C39D725544EFF00E1040C /* LaunchScreen.storyboard in Resources */,
				CEDF74C02555AE3E00AEA4D4 /* GoogleService-Info.plist in Resources */,
				CE1C39D425544EFF00E1040C /* Assets.xcassets in Resources */,
				CE1C39D225544EFE00E1040C /* Main.storyboard in Resources */,
			);
			runOnlyForDeploymentPostprocessing = 0;
		};
		CE1C39DB25544EFF00E1040C /* Resources */ = {
			isa = PBXResourcesBuildPhase;
			buildActionMask = 2147483647;
			files = (
			);
			runOnlyForDeploymentPostprocessing = 0;
		};
		CE1C39E625544EFF00E1040C /* Resources */ = {
			isa = PBXResourcesBuildPhase;
			buildActionMask = 2147483647;
			files = (
			);
			runOnlyForDeploymentPostprocessing = 0;
		};
/* End PBXResourcesBuildPhase section */

/* Begin PBXShellScriptBuildPhase section */
		546DC198DC70DE49B1883939 /* [CP] Embed Pods Frameworks */ = {
			isa = PBXShellScriptBuildPhase;
			buildActionMask = 2147483647;
			files = (
			);
			inputFileListPaths = (
				"${PODS_ROOT}/Target Support Files/Pods-Messenger_Chat_App/Pods-Messenger_Chat_App-frameworks-${CONFIGURATION}-input-files.xcfilelist",
			);
			name = "[CP] Embed Pods Frameworks";
			outputFileListPaths = (
				"${PODS_ROOT}/Target Support Files/Pods-Messenger_Chat_App/Pods-Messenger_Chat_App-frameworks-${CONFIGURATION}-output-files.xcfilelist",
			);
			runOnlyForDeploymentPostprocessing = 0;
			shellPath = /bin/sh;
			shellScript = "\"${PODS_ROOT}/Target Support Files/Pods-Messenger_Chat_App/Pods-Messenger_Chat_App-frameworks.sh\"\n";
			showEnvVarsInLog = 0;
		};
		C11B32DFE987D6F7A80CFC2D /* [CP] Check Pods Manifest.lock */ = {
			isa = PBXShellScriptBuildPhase;
			buildActionMask = 2147483647;
			files = (
			);
			inputFileListPaths = (
			);
			inputPaths = (
				"${PODS_PODFILE_DIR_PATH}/Podfile.lock",
				"${PODS_ROOT}/Manifest.lock",
			);
			name = "[CP] Check Pods Manifest.lock";
			outputFileListPaths = (
			);
			outputPaths = (
				"$(DERIVED_FILE_DIR)/Pods-Messenger_Chat_App-checkManifestLockResult.txt",
			);
			runOnlyForDeploymentPostprocessing = 0;
			shellPath = /bin/sh;
			shellScript = "diff \"${PODS_PODFILE_DIR_PATH}/Podfile.lock\" \"${PODS_ROOT}/Manifest.lock\" > /dev/null\nif [ $? != 0 ] ; then\n    # print error to STDERR\n    echo \"error: The sandbox is not in sync with the Podfile.lock. Run 'pod install' or update your CocoaPods installation.\" >&2\n    exit 1\nfi\n# This output is used by Xcode 'outputs' to avoid re-running this script phase.\necho \"SUCCESS\" > \"${SCRIPT_OUTPUT_FILE_0}\"\n";
			showEnvVarsInLog = 0;
		};
/* End PBXShellScriptBuildPhase section */

/* Begin PBXSourcesBuildPhase section */
		CE1C39C325544EFE00E1040C /* Sources */ = {
			isa = PBXSourcesBuildPhase;
			buildActionMask = 2147483647;
			files = (
				CE1C3A022554552200E1040C /* LoginViewController.swift in Sources */,
				CE1C3A042554553200E1040C /* RegisterViewController.swift in Sources */,
				CE1C3A0A2554558500E1040C /* NewConversationViewController.swift in Sources */,
				CE1C39CF25544EFE00E1040C /* ConversationsViewController.swift in Sources */,
				CE1C3A082554556800E1040C /* VideoPlayerViewController.swift in Sources */,
				CE1C3A0F25545C5F00E1040C /* Extensions.swift in Sources */,
				CE1C39CB25544EFE00E1040C /* AppDelegate.swift in Sources */,
				CE1C3A0C2554559000E1040C /* ProfileViewController.swift in Sources */,
				CE1C39CD25544EFE00E1040C /* SceneDelegate.swift in Sources */,
				CE1C3A062554555500E1040C /* PhotoViewerViewController.swift in Sources */,
			);
			runOnlyForDeploymentPostprocessing = 0;
		};
		CE1C39D925544EFF00E1040C /* Sources */ = {
			isa = PBXSourcesBuildPhase;
			buildActionMask = 2147483647;
			files = (
				CE1C39E225544EFF00E1040C /* Messenger_Chat_AppTests.swift in Sources */,
			);
			runOnlyForDeploymentPostprocessing = 0;
		};
		CE1C39E425544EFF00E1040C /* Sources */ = {
			isa = PBXSourcesBuildPhase;
			buildActionMask = 2147483647;
			files = (
				CE1C39ED25544EFF00E1040C /* Messenger_Chat_AppUITests.swift in Sources */,
			);
			runOnlyForDeploymentPostprocessing = 0;
		};
/* End PBXSourcesBuildPhase section */

/* Begin PBXTargetDependency section */
		CE1C39DF25544EFF00E1040C /* PBXTargetDependency */ = {
			isa = PBXTargetDependency;
			target = CE1C39C625544EFE00E1040C /* Messenger_Chat_App */;
			targetProxy = CE1C39DE25544EFF00E1040C /* PBXContainerItemProxy */;
		};
		CE1C39EA25544EFF00E1040C /* PBXTargetDependency */ = {
			isa = PBXTargetDependency;
			target = CE1C39C625544EFE00E1040C /* Messenger_Chat_App */;
			targetProxy = CE1C39E925544EFF00E1040C /* PBXContainerItemProxy */;
		};
/* End PBXTargetDependency section */

/* Begin PBXVariantGroup section */
		CE1C39D025544EFE00E1040C /* Main.storyboard */ = {
			isa = PBXVariantGroup;
			children = (
				CE1C39D125544EFE00E1040C /* Base */,
			);
			name = Main.storyboard;
			sourceTree = "<group>";
		};
		CE1C39D525544EFF00E1040C /* LaunchScreen.storyboard */ = {
			isa = PBXVariantGroup;
			children = (
				CE1C39D625544EFF00E1040C /* Base */,
			);
			name = LaunchScreen.storyboard;
			sourceTree = "<group>";
		};
/* End PBXVariantGroup section */

/* Begin XCBuildConfiguration section */
		CE1C39EF25544EFF00E1040C /* Debug */ = {
			isa = XCBuildConfiguration;
			buildSettings = {
				ALWAYS_SEARCH_USER_PATHS = NO;
				CLANG_ANALYZER_NONNULL = YES;
				CLANG_ANALYZER_NUMBER_OBJECT_CONVERSION = YES_AGGRESSIVE;
				CLANG_CXX_LANGUAGE_STANDARD = "gnu++14";
				CLANG_CXX_LIBRARY = "libc++";
				CLANG_ENABLE_MODULES = YES;
				CLANG_ENABLE_OBJC_ARC = YES;
				CLANG_ENABLE_OBJC_WEAK = YES;
				CLANG_WARN_BLOCK_CAPTURE_AUTORELEASING = YES;
				CLANG_WARN_BOOL_CONVERSION = YES;
				CLANG_WARN_COMMA = YES;
				CLANG_WARN_CONSTANT_CONVERSION = YES;
				CLANG_WARN_DEPRECATED_OBJC_IMPLEMENTATIONS = YES;
				CLANG_WARN_DIRECT_OBJC_ISA_USAGE = YES_ERROR;
				CLANG_WARN_DOCUMENTATION_COMMENTS = YES;
				CLANG_WARN_EMPTY_BODY = YES;
				CLANG_WARN_ENUM_CONVERSION = YES;
				CLANG_WARN_INFINITE_RECURSION = YES;
				CLANG_WARN_INT_CONVERSION = YES;
				CLANG_WARN_NON_LITERAL_NULL_CONVERSION = YES;
				CLANG_WARN_OBJC_IMPLICIT_RETAIN_SELF = YES;
				CLANG_WARN_OBJC_LITERAL_CONVERSION = YES;
				CLANG_WARN_OBJC_ROOT_CLASS = YES_ERROR;
				CLANG_WARN_RANGE_LOOP_ANALYSIS = YES;
				CLANG_WARN_STRICT_PROTOTYPES = YES;
				CLANG_WARN_SUSPICIOUS_MOVE = YES;
				CLANG_WARN_UNGUARDED_AVAILABILITY = YES_AGGRESSIVE;
				CLANG_WARN_UNREACHABLE_CODE = YES;
				CLANG_WARN__DUPLICATE_METHOD_MATCH = YES;
				COPY_PHASE_STRIP = NO;
				DEBUG_INFORMATION_FORMAT = dwarf;
				ENABLE_STRICT_OBJC_MSGSEND = YES;
				ENABLE_TESTABILITY = YES;
				GCC_C_LANGUAGE_STANDARD = gnu11;
				GCC_DYNAMIC_NO_PIC = NO;
				GCC_NO_COMMON_BLOCKS = YES;
				GCC_OPTIMIZATION_LEVEL = 0;
				GCC_PREPROCESSOR_DEFINITIONS = (
					"DEBUG=1",
					"$(inherited)",
				);
				GCC_WARN_64_TO_32_BIT_CONVERSION = YES;
				GCC_WARN_ABOUT_RETURN_TYPE = YES_ERROR;
				GCC_WARN_UNDECLARED_SELECTOR = YES;
				GCC_WARN_UNINITIALIZED_AUTOS = YES_AGGRESSIVE;
				GCC_WARN_UNUSED_FUNCTION = YES;
				GCC_WARN_UNUSED_VARIABLE = YES;
				IPHONEOS_DEPLOYMENT_TARGET = 13.2;
				MTL_ENABLE_DEBUG_INFO = INCLUDE_SOURCE;
				MTL_FAST_MATH = YES;
				ONLY_ACTIVE_ARCH = YES;
				SDKROOT = iphoneos;
				SWIFT_ACTIVE_COMPILATION_CONDITIONS = DEBUG;
				SWIFT_OPTIMIZATION_LEVEL = "-Onone";
			};
			name = Debug;
		};
		CE1C39F025544EFF00E1040C /* Release */ = {
			isa = XCBuildConfiguration;
			buildSettings = {
				ALWAYS_SEARCH_USER_PATHS = NO;
				CLANG_ANALYZER_NONNULL = YES;
				CLANG_ANALYZER_NUMBER_OBJECT_CONVERSION = YES_AGGRESSIVE;
				CLANG_CXX_LANGUAGE_STANDARD = "gnu++14";
				CLANG_CXX_LIBRARY = "libc++";
				CLANG_ENABLE_MODULES = YES;
				CLANG_ENABLE_OBJC_ARC = YES;
				CLANG_ENABLE_OBJC_WEAK = YES;
				CLANG_WARN_BLOCK_CAPTURE_AUTORELEASING = YES;
				CLANG_WARN_BOOL_CONVERSION = YES;
				CLANG_WARN_COMMA = YES;
				CLANG_WARN_CONSTANT_CONVERSION = YES;
				CLANG_WARN_DEPRECATED_OBJC_IMPLEMENTATIONS = YES;
				CLANG_WARN_DIRECT_OBJC_ISA_USAGE = YES_ERROR;
				CLANG_WARN_DOCUMENTATION_COMMENTS = YES;
				CLANG_WARN_EMPTY_BODY = YES;
				CLANG_WARN_ENUM_CONVERSION = YES;
				CLANG_WARN_INFINITE_RECURSION = YES;
				CLANG_WARN_INT_CONVERSION = YES;
				CLANG_WARN_NON_LITERAL_NULL_CONVERSION = YES;
				CLANG_WARN_OBJC_IMPLICIT_RETAIN_SELF = YES;
				CLANG_WARN_OBJC_LITERAL_CONVERSION = YES;
				CLANG_WARN_OBJC_ROOT_CLASS = YES_ERROR;
				CLANG_WARN_RANGE_LOOP_ANALYSIS = YES;
				CLANG_WARN_STRICT_PROTOTYPES = YES;
				CLANG_WARN_SUSPICIOUS_MOVE = YES;
				CLANG_WARN_UNGUARDED_AVAILABILITY = YES_AGGRESSIVE;
				CLANG_WARN_UNREACHABLE_CODE = YES;
				CLANG_WARN__DUPLICATE_METHOD_MATCH = YES;
				COPY_PHASE_STRIP = NO;
				DEBUG_INFORMATION_FORMAT = "dwarf-with-dsym";
				ENABLE_NS_ASSERTIONS = NO;
				ENABLE_STRICT_OBJC_MSGSEND = YES;
				GCC_C_LANGUAGE_STANDARD = gnu11;
				GCC_NO_COMMON_BLOCKS = YES;
				GCC_WARN_64_TO_32_BIT_CONVERSION = YES;
				GCC_WARN_ABOUT_RETURN_TYPE = YES_ERROR;
				GCC_WARN_UNDECLARED_SELECTOR = YES;
				GCC_WARN_UNINITIALIZED_AUTOS = YES_AGGRESSIVE;
				GCC_WARN_UNUSED_FUNCTION = YES;
				GCC_WARN_UNUSED_VARIABLE = YES;
				IPHONEOS_DEPLOYMENT_TARGET = 13.2;
				MTL_ENABLE_DEBUG_INFO = NO;
				MTL_FAST_MATH = YES;
				SDKROOT = iphoneos;
				SWIFT_COMPILATION_MODE = wholemodule;
				SWIFT_OPTIMIZATION_LEVEL = "-O";
				VALIDATE_PRODUCT = YES;
			};
			name = Release;
		};
		CE1C39F225544EFF00E1040C /* Debug */ = {
			isa = XCBuildConfiguration;
			baseConfigurationReference = 8D6CD4768B5ED4D02FD78662 /* Pods-Messenger_Chat_App.debug.xcconfig */;
			buildSettings = {
				ASSETCATALOG_COMPILER_APPICON_NAME = AppIcon;
				CODE_SIGN_STYLE = Automatic;
				DEVELOPMENT_TEAM = GP3JFMJA3W;
				INFOPLIST_FILE = Messenger_Chat_App/Info.plist;
				IPHONEOS_DEPLOYMENT_TARGET = 13.2;
				LD_RUNPATH_SEARCH_PATHS = (
					"$(inherited)",
					"@executable_path/Frameworks",
				);
				PRODUCT_BUNDLE_IDENTIFIER = "Blaine.Messenger-Chat-App";
				PRODUCT_NAME = "$(TARGET_NAME)";
				SWIFT_VERSION = 5.0;
				TARGETED_DEVICE_FAMILY = "1,2";
			};
			name = Debug;
		};
		CE1C39F325544EFF00E1040C /* Release */ = {
			isa = XCBuildConfiguration;
			baseConfigurationReference = 77B1F0353578DFFF56D6978A /* Pods-Messenger_Chat_App.release.xcconfig */;
			buildSettings = {
				ASSETCATALOG_COMPILER_APPICON_NAME = AppIcon;
				CODE_SIGN_STYLE = Automatic;
				DEVELOPMENT_TEAM = GP3JFMJA3W;
				INFOPLIST_FILE = Messenger_Chat_App/Info.plist;
				IPHONEOS_DEPLOYMENT_TARGET = 13.2;
				LD_RUNPATH_SEARCH_PATHS = (
					"$(inherited)",
					"@executable_path/Frameworks",
				);
				PRODUCT_BUNDLE_IDENTIFIER = "Blaine.Messenger-Chat-App";
				PRODUCT_NAME = "$(TARGET_NAME)";
				SWIFT_VERSION = 5.0;
				TARGETED_DEVICE_FAMILY = "1,2";
			};
			name = Release;
		};
		CE1C39F525544EFF00E1040C /* Debug */ = {
			isa = XCBuildConfiguration;
			buildSettings = {
				ALWAYS_EMBED_SWIFT_STANDARD_LIBRARIES = YES;
				BUNDLE_LOADER = "$(TEST_HOST)";
				CODE_SIGN_STYLE = Automatic;
				DEVELOPMENT_TEAM = GP3JFMJA3W;
				INFOPLIST_FILE = Messenger_Chat_AppTests/Info.plist;
				IPHONEOS_DEPLOYMENT_TARGET = 13.2;
				LD_RUNPATH_SEARCH_PATHS = (
					"$(inherited)",
					"@executable_path/Frameworks",
					"@loader_path/Frameworks",
				);
				PRODUCT_BUNDLE_IDENTIFIER = "Blaine.Messenger-Chat-AppTests";
				PRODUCT_NAME = "$(TARGET_NAME)";
				SWIFT_VERSION = 5.0;
				TARGETED_DEVICE_FAMILY = "1,2";
				TEST_HOST = "$(BUILT_PRODUCTS_DIR)/Messenger_Chat_App.app/Messenger_Chat_App";
			};
			name = Debug;
		};
		CE1C39F625544EFF00E1040C /* Release */ = {
			isa = XCBuildConfiguration;
			buildSettings = {
				ALWAYS_EMBED_SWIFT_STANDARD_LIBRARIES = YES;
				BUNDLE_LOADER = "$(TEST_HOST)";
				CODE_SIGN_STYLE = Automatic;
				DEVELOPMENT_TEAM = GP3JFMJA3W;
				INFOPLIST_FILE = Messenger_Chat_AppTests/Info.plist;
				IPHONEOS_DEPLOYMENT_TARGET = 13.2;
				LD_RUNPATH_SEARCH_PATHS = (
					"$(inherited)",
					"@executable_path/Frameworks",
					"@loader_path/Frameworks",
				);
				PRODUCT_BUNDLE_IDENTIFIER = "Blaine.Messenger-Chat-AppTests";
				PRODUCT_NAME = "$(TARGET_NAME)";
				SWIFT_VERSION = 5.0;
				TARGETED_DEVICE_FAMILY = "1,2";
				TEST_HOST = "$(BUILT_PRODUCTS_DIR)/Messenger_Chat_App.app/Messenger_Chat_App";
			};
			name = Release;
		};
		CE1C39F825544EFF00E1040C /* Debug */ = {
			isa = XCBuildConfiguration;
			buildSettings = {
				ALWAYS_EMBED_SWIFT_STANDARD_LIBRARIES = YES;
				CODE_SIGN_STYLE = Automatic;
				DEVELOPMENT_TEAM = GP3JFMJA3W;
				INFOPLIST_FILE = Messenger_Chat_AppUITests/Info.plist;
				LD_RUNPATH_SEARCH_PATHS = (
					"$(inherited)",
					"@executable_path/Frameworks",
					"@loader_path/Frameworks",
				);
				PRODUCT_BUNDLE_IDENTIFIER = "Blaine.Messenger-Chat-AppUITests";
				PRODUCT_NAME = "$(TARGET_NAME)";
				SWIFT_VERSION = 5.0;
				TARGETED_DEVICE_FAMILY = "1,2";
				TEST_TARGET_NAME = Messenger_Chat_App;
			};
			name = Debug;
		};
		CE1C39F925544EFF00E1040C /* Release */ = {
			isa = XCBuildConfiguration;
			buildSettings = {
				ALWAYS_EMBED_SWIFT_STANDARD_LIBRARIES = YES;
				CODE_SIGN_STYLE = Automatic;
				DEVELOPMENT_TEAM = GP3JFMJA3W;
				INFOPLIST_FILE = Messenger_Chat_AppUITests/Info.plist;
				LD_RUNPATH_SEARCH_PATHS = (
					"$(inherited)",
					"@executable_path/Frameworks",
					"@loader_path/Frameworks",
				);
				PRODUCT_BUNDLE_IDENTIFIER = "Blaine.Messenger-Chat-AppUITests";
				PRODUCT_NAME = "$(TARGET_NAME)";
				SWIFT_VERSION = 5.0;
				TARGETED_DEVICE_FAMILY = "1,2";
				TEST_TARGET_NAME = Messenger_Chat_App;
			};
			name = Release;
		};
/* End XCBuildConfiguration section */

/* Begin XCConfigurationList section */
		CE1C39C225544EFE00E1040C /* Build configuration list for PBXProject "Messenger_Chat_App" */ = {
			isa = XCConfigurationList;
			buildConfigurations = (
				CE1C39EF25544EFF00E1040C /* Debug */,
				CE1C39F025544EFF00E1040C /* Release */,
			);
			defaultConfigurationIsVisible = 0;
			defaultConfigurationName = Release;
		};
		CE1C39F125544EFF00E1040C /* Build configuration list for PBXNativeTarget "Messenger_Chat_App" */ = {
			isa = XCConfigurationList;
			buildConfigurations = (
				CE1C39F225544EFF00E1040C /* Debug */,
				CE1C39F325544EFF00E1040C /* Release */,
			);
			defaultConfigurationIsVisible = 0;
			defaultConfigurationName = Release;
		};
		CE1C39F425544EFF00E1040C /* Build configuration list for PBXNativeTarget "Messenger_Chat_AppTests" */ = {
			isa = XCConfigurationList;
			buildConfigurations = (
				CE1C39F525544EFF00E1040C /* Debug */,
				CE1C39F625544EFF00E1040C /* Release */,
			);
			defaultConfigurationIsVisible = 0;
			defaultConfigurationName = Release;
		};
		CE1C39F725544EFF00E1040C /* Build configuration list for PBXNativeTarget "Messenger_Chat_AppUITests" */ = {
			isa = XCConfigurationList;
			buildConfigurations = (
				CE1C39F825544EFF00E1040C /* Debug */,
				CE1C39F925544EFF00E1040C /* Release */,
			);
			defaultConfigurationIsVisible = 0;
			defaultConfigurationName = Release;
		};
/* End XCConfigurationList section */
	};
	rootObject = CE1C39BF25544EFE00E1040C /* Project object */;
}
